
Microsoft Visual Studio Solution File, Format Version 12.00
# Visual Studio Version 17
VisualStudioVersion = 17.9.34616.47
MinimumVisualStudioVersion = 10.0.40219.1
Project("{9A19103F-16F7-4668-BE54-9A1E7A4F7556}") = "StaffManagementApp", "StaffManagementApp\StaffManagementApp.csproj", "{6B7606F8-1C82-4CBF-AF1F-66E78316AF4A}"
EndProject
Project("{9A19103F-16F7-4668-BE54-9A1E7A4F7556}") = "StaffManagementWebApp", "StaffManagementWebApp\StaffManagementWebApp.csproj", "{9E98ACCA-2167-4DBE-A259-771451E2745A}"
EndProject
Project("{9A19103F-16F7-4668-BE54-9A1E7A4F7556}") = "StaffManagementApp.UnitTests", "StaffManagementApp.UnitTests\StaffManagementApp.UnitTests.csproj", "{05D973A1-A9DC-432C-B9FB-23B624946138}"
EndProject
Project("{9A19103F-16F7-4668-BE54-9A1E7A4F7556}") = "StaffManagementApp.IntegrationTests", "StaffManagementApp.IntegrationTests\StaffManagementApp.IntegrationTests.csproj", "{DDDAD80F-C141-401F-B82C-E4C24C94A30F}"
EndProject
Project("{2150E333-8FDC-42A3-9474-1A3956D46DE8}") = "Solution Items", "Solution Items", "{8CB847E3-425D-4025-B2F8-F1FF3B18DBBC}"
EndProject
Global
	GlobalSection(SolutionConfigurationPlatforms) = preSolution
		Debug|Any CPU = Debug|Any CPU
		Release|Any CPU = Release|Any CPU
	EndGlobalSection
	GlobalSection(ProjectConfigurationPlatforms) = postSolution
		{6B7606F8-1C82-4CBF-AF1F-66E78316AF4A}.Debug|Any CPU.ActiveCfg = Debug|Any CPU
		{6B7606F8-1C82-4CBF-AF1F-66E78316AF4A}.Debug|Any CPU.Build.0 = Debug|Any CPU
		{6B7606F8-1C82-4CBF-AF1F-66E78316AF4A}.Release|Any CPU.ActiveCfg = Release|Any CPU
		{6B7606F8-1C82-4CBF-AF1F-66E78316AF4A}.Release|Any CPU.Build.0 = Release|Any CPU
		{9E98ACCA-2167-4DBE-A259-771451E2745A}.Debug|Any CPU.ActiveCfg = Debug|Any CPU
		{9E98ACCA-2167-4DBE-A259-771451E2745A}.Debug|Any CPU.Build.0 = Debug|Any CPU
		{9E98ACCA-2167-4DBE-A259-771451E2745A}.Release|Any CPU.ActiveCfg = Release|Any CPU
		{9E98ACCA-2167-4DBE-A259-771451E2745A}.Release|Any CPU.Build.0 = Release|Any CPU
		{05D973A1-A9DC-432C-B9FB-23B624946138}.Debug|Any CPU.ActiveCfg = Debug|Any CPU
		{05D973A1-A9DC-432C-B9FB-23B624946138}.Debug|Any CPU.Build.0 = Debug|Any CPU
		{05D973A1-A9DC-432C-B9FB-23B624946138}.Release|Any CPU.ActiveCfg = Release|Any CPU
		{05D973A1-A9DC-432C-B9FB-23B624946138}.Release|Any CPU.Build.0 = Release|Any CPU
		{DDDAD80F-C141-401F-B82C-E4C24C94A30F}.Debug|Any CPU.ActiveCfg = Debug|Any CPU
		{DDDAD80F-C141-401F-B82C-E4C24C94A30F}.Debug|Any CPU.Build.0 = Debug|Any CPU
		{DDDAD80F-C141-401F-B82C-E4C24C94A30F}.Release|Any CPU.ActiveCfg = Release|Any CPU
		{DDDAD80F-C141-401F-B82C-E4C24C94A30F}.Release|Any CPU.Build.0 = Release|Any CPU
	EndGlobalSection
	GlobalSection(SolutionProperties) = preSolution
		HideSolutionNode = FALSE
	EndGlobalSection
	GlobalSection(ExtensibilityGlobals) = postSolution
		SolutionGuid = {3E95E66F-44FB-4D60-9C35-D0ADF5E57303}
	EndGlobalSection
EndGlobal
